
Microsoft Visual Studio Solution File, Format Version 12.00
# Visual Studio Version 17
VisualStudioVersion = 17.8.34309.116
MinimumVisualStudioVersion = 10.0.40219.1
Project("{FAE04EC0-301F-11D3-BF4B-00C04F79EFBC}") = "API", "API\API.csproj", "{22BE71A3-C86A-4359-A866-29B51147B91C}"
EndProject
Global
	GlobalSection(SolutionConfigurationPlatforms) = preSolution
		Debug|Any CPU = Debug|Any CPU
		Release|Any CPU = Release|Any CPU
	EndGlobalSection
	GlobalSection(ProjectConfigurationPlatforms) = postSolution
		{22BE71A3-C86A-4359-A866-29B51147B91C}.Debug|Any CPU.ActiveCfg = Debug|Any CPU
		{22BE71A3-C86A-4359-A866-29B51147B91C}.Debug|Any CPU.Build.0 = Debug|Any CPU
		{22BE71A3-C86A-4359-A866-29B51147B91C}.Release|Any CPU.ActiveCfg = Release|Any CPU
		{22BE71A3-C86A-4359-A866-29B51147B91C}.Release|Any CPU.Build.0 = Release|Any CPU
	EndGlobalSection
	GlobalSection(SolutionProperties) = preSolution
		HideSolutionNode = FALSE
	EndGlobalSection
	GlobalSection(ExtensibilityGlobals) = postSolution
		SolutionGuid = {7C4AB4F1-3DD5-43B6-8146-AE450947F124}
	EndGlobalSection
EndGlobal
